
Microsoft Visual Studio Solution File, Format Version 11.00
# Visual Studio 2010
Project("{FAE04EC0-301F-11D3-BF4B-00C04F79EFBC}") = "LambdAssert", "LambdAssert\LambdAssert.csproj", "{A84AA81C-DAED-4E01-A807-D4A847A713B9}"
EndProject
Global
	GlobalSection(SolutionConfigurationPlatforms) = preSolution
		Debug|Any CPU = Debug|Any CPU
		Release|Any CPU = Release|Any CPU
	EndGlobalSection
	GlobalSection(ProjectConfigurationPlatforms) = postSolution
		{A84AA81C-DAED-4E01-A807-D4A847A713B9}.Debug|Any CPU.ActiveCfg = Debug|Any CPU
		{A84AA81C-DAED-4E01-A807-D4A847A713B9}.Debug|Any CPU.Build.0 = Debug|Any CPU
		{A84AA81C-DAED-4E01-A807-D4A847A713B9}.Release|Any CPU.ActiveCfg = Release|Any CPU
		{A84AA81C-DAED-4E01-A807-D4A847A713B9}.Release|Any CPU.Build.0 = Release|Any CPU
	EndGlobalSection
	GlobalSection(SolutionProperties) = preSolution
		HideSolutionNode = FALSE
	EndGlobalSection
EndGlobal
